
Microsoft Visual Studio Solution File, Format Version 12.00
# Visual Studio Version 16
VisualStudioVersion = 16.0.31313.79
MinimumVisualStudioVersion = 10.0.40219.1
Project("{FAE04EC0-301F-11D3-BF4B-00C04F79EFBC}") = "PostProgram", "PostProgram\PostProgram.csproj", "{47BC7344-AC78-4BDC-99A4-E40590B38644}"
EndProject
Global
	GlobalSection(SolutionConfigurationPlatforms) = preSolution
		Debug|Any CPU = Debug|Any CPU
		Release|Any CPU = Release|Any CPU
	EndGlobalSection
	GlobalSection(ProjectConfigurationPlatforms) = postSolution
		{47BC7344-AC78-4BDC-99A4-E40590B38644}.Debug|Any CPU.ActiveCfg = Debug|Any CPU
		{47BC7344-AC78-4BDC-99A4-E40590B38644}.Debug|Any CPU.Build.0 = Debug|Any CPU
		{47BC7344-AC78-4BDC-99A4-E40590B38644}.Release|Any CPU.ActiveCfg = Release|Any CPU
		{47BC7344-AC78-4BDC-99A4-E40590B38644}.Release|Any CPU.Build.0 = Release|Any CPU
	EndGlobalSection
	GlobalSection(SolutionProperties) = preSolution
		HideSolutionNode = FALSE
	EndGlobalSection
	GlobalSection(ExtensibilityGlobals) = postSolution
		SolutionGuid = {CF1DD6A7-F1D9-41FA-B6BC-8EA0E96E8832}
	EndGlobalSection
EndGlobal
