
Microsoft Visual Studio Solution File, Format Version 12.00
# Visual Studio Version 16
VisualStudioVersion = 16.0.31313.79
MinimumVisualStudioVersion = 10.0.40219.1
Project("{FAE04EC0-301F-11D3-BF4B-00C04F79EFBC}") = "Compositon", "Compositon\Compositon.csproj", "{6A3EE7AC-86E5-4FE7-9B7C-E5F46DBF1C4C}"
EndProject
Global
	GlobalSection(SolutionConfigurationPlatforms) = preSolution
		Debug|Any CPU = Debug|Any CPU
		Release|Any CPU = Release|Any CPU
	EndGlobalSection
	GlobalSection(ProjectConfigurationPlatforms) = postSolution
		{6A3EE7AC-86E5-4FE7-9B7C-E5F46DBF1C4C}.Debug|Any CPU.ActiveCfg = Debug|Any CPU
		{6A3EE7AC-86E5-4FE7-9B7C-E5F46DBF1C4C}.Debug|Any CPU.Build.0 = Debug|Any CPU
		{6A3EE7AC-86E5-4FE7-9B7C-E5F46DBF1C4C}.Release|Any CPU.ActiveCfg = Release|Any CPU
		{6A3EE7AC-86E5-4FE7-9B7C-E5F46DBF1C4C}.Release|Any CPU.Build.0 = Release|Any CPU
	EndGlobalSection
	GlobalSection(SolutionProperties) = preSolution
		HideSolutionNode = FALSE
	EndGlobalSection
	GlobalSection(ExtensibilityGlobals) = postSolution
		SolutionGuid = {F256D966-FA77-4C9F-BEC9-7BB8685F93EA}
	EndGlobalSection
EndGlobal
